
Microsoft Visual Studio Solution File, Format Version 12.00
# Visual Studio Version 17
VisualStudioVersion = 17.6.33801.468
MinimumVisualStudioVersion = 10.0.40219.1
Project("{FAE04EC0-301F-11D3-BF4B-00C04F79EFBC}") = "Practical16", "Practical16\Practical16.csproj", "{D3D04BEC-8F87-4CF8-A0C5-46FEA0950329}"
EndProject
Global
	GlobalSection(SolutionConfigurationPlatforms) = preSolution
		Debug|Any CPU = Debug|Any CPU
		Release|Any CPU = Release|Any CPU
	EndGlobalSection
	GlobalSection(ProjectConfigurationPlatforms) = postSolution
		{D3D04BEC-8F87-4CF8-A0C5-46FEA0950329}.Debug|Any CPU.ActiveCfg = Debug|Any CPU
		{D3D04BEC-8F87-4CF8-A0C5-46FEA0950329}.Debug|Any CPU.Build.0 = Debug|Any CPU
		{D3D04BEC-8F87-4CF8-A0C5-46FEA0950329}.Release|Any CPU.ActiveCfg = Release|Any CPU
		{D3D04BEC-8F87-4CF8-A0C5-46FEA0950329}.Release|Any CPU.Build.0 = Release|Any CPU
	EndGlobalSection
	GlobalSection(SolutionProperties) = preSolution
		HideSolutionNode = FALSE
	EndGlobalSection
	GlobalSection(ExtensibilityGlobals) = postSolution
		SolutionGuid = {2090457D-0DE0-432F-839C-2BC8E56AF06A}
	EndGlobalSection
EndGlobal
